
Microsoft Visual Studio Solution File, Format Version 12.00
# Visual Studio 2012
Project("{FAE04EC0-301F-11D3-BF4B-00C04F79EFBC}") = "xsltbug", "xsltbug.csproj", "{03FAC837-73AD-45CA-A419-B7AA32DAE15A}"
EndProject
Global
	GlobalSection(SolutionConfigurationPlatforms) = preSolution
		Debug|iPhoneSimulator = Debug|iPhoneSimulator
		Release|iPhone = Release|iPhone
		Release|iPhoneSimulator = Release|iPhoneSimulator
		Debug|iPhone = Debug|iPhone
	EndGlobalSection
	GlobalSection(ProjectConfigurationPlatforms) = postSolution
		{03FAC837-73AD-45CA-A419-B7AA32DAE15A}.Debug|iPhone.ActiveCfg = Debug|iPhone
		{03FAC837-73AD-45CA-A419-B7AA32DAE15A}.Debug|iPhone.Build.0 = Debug|iPhone
		{03FAC837-73AD-45CA-A419-B7AA32DAE15A}.Debug|iPhoneSimulator.ActiveCfg = Debug|iPhoneSimulator
		{03FAC837-73AD-45CA-A419-B7AA32DAE15A}.Debug|iPhoneSimulator.Build.0 = Debug|iPhoneSimulator
		{03FAC837-73AD-45CA-A419-B7AA32DAE15A}.Release|iPhone.ActiveCfg = Release|iPhone
		{03FAC837-73AD-45CA-A419-B7AA32DAE15A}.Release|iPhone.Build.0 = Release|iPhone
		{03FAC837-73AD-45CA-A419-B7AA32DAE15A}.Release|iPhoneSimulator.ActiveCfg = Release|iPhoneSimulator
		{03FAC837-73AD-45CA-A419-B7AA32DAE15A}.Release|iPhoneSimulator.Build.0 = Release|iPhoneSimulator
	EndGlobalSection
EndGlobal
